
Microsoft Visual Studio Solution File, Format Version 12.00
# Visual Studio Version 16
VisualStudioVersion = 16.0.30907.101
MinimumVisualStudioVersion = 10.0.40219.1
Project("{9A19103F-16F7-4668-BE54-9A1E7A4F7556}") = "BasicMvcWebApp", "BasicMvcWebApp\BasicMvcWebApp.csproj", "{BD9D0C9D-8F0A-4156-8C61-CAFAD734E9DB}"
EndProject
Project("{9A19103F-16F7-4668-BE54-9A1E7A4F7556}") = "DbWebApp", "DbWebApp\DbWebApp.csproj", "{4B0DEC0E-96EF-458F-B157-2DC76C243596}"
EndProject
Project("{9A19103F-16F7-4668-BE54-9A1E7A4F7556}") = "TodoListWebApp", "TodoListWebApp\TodoListWebApp.csproj", "{80A42529-4971-41C7-BCF6-D0E63F50D973}"
EndProject
Project("{9A19103F-16F7-4668-BE54-9A1E7A4F7556}") = "RestApiTestApp", "RestApiTestApp\RestApiTestApp.csproj", "{B6EB0286-5412-4E92-8C08-77CC5AE5CBCD}"
EndProject
Project("{9A19103F-16F7-4668-BE54-9A1E7A4F7556}") = "MyPortpolio", "MyPortpollo\MyPortpolio.csproj", "{A1BC6983-B868-4AB1-9D8C-3D650EB2DD6D}"
EndProject
Project("{00D1A9C2-B5F0-4AF3-8072-F6C62B433612}") = "TotalDatabase", "TotalDatabase\TotalDatabase.sqlproj", "{5FE9FDC0-8375-4A67-8289-2D0F49E0C68F}"
EndProject
Global
	GlobalSection(SolutionConfigurationPlatforms) = preSolution
		Debug|Any CPU = Debug|Any CPU
		Release|Any CPU = Release|Any CPU
	EndGlobalSection
	GlobalSection(ProjectConfigurationPlatforms) = postSolution
		{BD9D0C9D-8F0A-4156-8C61-CAFAD734E9DB}.Debug|Any CPU.ActiveCfg = Debug|Any CPU
		{BD9D0C9D-8F0A-4156-8C61-CAFAD734E9DB}.Debug|Any CPU.Build.0 = Debug|Any CPU
		{BD9D0C9D-8F0A-4156-8C61-CAFAD734E9DB}.Release|Any CPU.ActiveCfg = Release|Any CPU
		{BD9D0C9D-8F0A-4156-8C61-CAFAD734E9DB}.Release|Any CPU.Build.0 = Release|Any CPU
		{4B0DEC0E-96EF-458F-B157-2DC76C243596}.Debug|Any CPU.ActiveCfg = Debug|Any CPU
		{4B0DEC0E-96EF-458F-B157-2DC76C243596}.Debug|Any CPU.Build.0 = Debug|Any CPU
		{4B0DEC0E-96EF-458F-B157-2DC76C243596}.Release|Any CPU.ActiveCfg = Release|Any CPU
		{4B0DEC0E-96EF-458F-B157-2DC76C243596}.Release|Any CPU.Build.0 = Release|Any CPU
		{80A42529-4971-41C7-BCF6-D0E63F50D973}.Debug|Any CPU.ActiveCfg = Debug|Any CPU
		{80A42529-4971-41C7-BCF6-D0E63F50D973}.Debug|Any CPU.Build.0 = Debug|Any CPU
		{80A42529-4971-41C7-BCF6-D0E63F50D973}.Release|Any CPU.ActiveCfg = Release|Any CPU
		{80A42529-4971-41C7-BCF6-D0E63F50D973}.Release|Any CPU.Build.0 = Release|Any CPU
		{B6EB0286-5412-4E92-8C08-77CC5AE5CBCD}.Debug|Any CPU.ActiveCfg = Debug|Any CPU
		{B6EB0286-5412-4E92-8C08-77CC5AE5CBCD}.Debug|Any CPU.Build.0 = Debug|Any CPU
		{B6EB0286-5412-4E92-8C08-77CC5AE5CBCD}.Release|Any CPU.ActiveCfg = Release|Any CPU
		{B6EB0286-5412-4E92-8C08-77CC5AE5CBCD}.Release|Any CPU.Build.0 = Release|Any CPU
		{A1BC6983-B868-4AB1-9D8C-3D650EB2DD6D}.Debug|Any CPU.ActiveCfg = Debug|Any CPU
		{A1BC6983-B868-4AB1-9D8C-3D650EB2DD6D}.Debug|Any CPU.Build.0 = Debug|Any CPU
		{A1BC6983-B868-4AB1-9D8C-3D650EB2DD6D}.Release|Any CPU.ActiveCfg = Release|Any CPU
		{A1BC6983-B868-4AB1-9D8C-3D650EB2DD6D}.Release|Any CPU.Build.0 = Release|Any CPU
		{5FE9FDC0-8375-4A67-8289-2D0F49E0C68F}.Debug|Any CPU.ActiveCfg = Debug|Any CPU
		{5FE9FDC0-8375-4A67-8289-2D0F49E0C68F}.Debug|Any CPU.Build.0 = Debug|Any CPU
		{5FE9FDC0-8375-4A67-8289-2D0F49E0C68F}.Debug|Any CPU.Deploy.0 = Debug|Any CPU
		{5FE9FDC0-8375-4A67-8289-2D0F49E0C68F}.Release|Any CPU.ActiveCfg = Release|Any CPU
		{5FE9FDC0-8375-4A67-8289-2D0F49E0C68F}.Release|Any CPU.Build.0 = Release|Any CPU
		{5FE9FDC0-8375-4A67-8289-2D0F49E0C68F}.Release|Any CPU.Deploy.0 = Release|Any CPU
	EndGlobalSection
	GlobalSection(SolutionProperties) = preSolution
		HideSolutionNode = FALSE
	EndGlobalSection
	GlobalSection(ExtensibilityGlobals) = postSolution
		SolutionGuid = {828A6F5D-158C-4424-8E65-00172D087AF4}
	EndGlobalSection
EndGlobal
